
Microsoft Visual Studio Solution File, Format Version 12.00
# Visual Studio Version 17
VisualStudioVersion = 17.12.35506.116 d17.12
MinimumVisualStudioVersion = 10.0.40219.1
Project("{FAE04EC0-301F-11D3-BF4B-00C04F79EFBC}") = "MySoundBoard", "MySoundBoard\MySoundBoard.csproj", "{E0F55E61-9CC2-4246-B3D8-8FBAB047A86D}"
EndProject
Global
	GlobalSection(SolutionConfigurationPlatforms) = preSolution
		Debug|Any CPU = Debug|Any CPU
		Debug|x64 = Debug|x64
		Release|Any CPU = Release|Any CPU
		Release|x64 = Release|x64
	EndGlobalSection
	GlobalSection(ProjectConfigurationPlatforms) = postSolution
		{E0F55E61-9CC2-4246-B3D8-8FBAB047A86D}.Debug|Any CPU.ActiveCfg = Debug|Any CPU
		{E0F55E61-9CC2-4246-B3D8-8FBAB047A86D}.Debug|Any CPU.Build.0 = Debug|Any CPU
		{E0F55E61-9CC2-4246-B3D8-8FBAB047A86D}.Debug|x64.ActiveCfg = Debug|x64
		{E0F55E61-9CC2-4246-B3D8-8FBAB047A86D}.Debug|x64.Build.0 = Debug|x64
		{E0F55E61-9CC2-4246-B3D8-8FBAB047A86D}.Release|Any CPU.ActiveCfg = Release|Any CPU
		{E0F55E61-9CC2-4246-B3D8-8FBAB047A86D}.Release|Any CPU.Build.0 = Release|Any CPU
		{E0F55E61-9CC2-4246-B3D8-8FBAB047A86D}.Release|x64.ActiveCfg = Release|x64
		{E0F55E61-9CC2-4246-B3D8-8FBAB047A86D}.Release|x64.Build.0 = Release|x64
	EndGlobalSection
	GlobalSection(SolutionProperties) = preSolution
		HideSolutionNode = FALSE
	EndGlobalSection
EndGlobal
